// !$*UTF8*$!
{
	archiveVersion = 1;
	classes = {
	};
	objectVersion = 46;
	objects = {

/* Begin PBXBuildFile section */
		8A0714B31BA46CF300A1CC22 /* SearchAPIsViewController.swift in Sources */ = {isa = PBXBuildFile; fileRef = 8A0714B21BA46CF300A1CC22 /* SearchAPIsViewController.swift */; };
		8A0714B51BA46D0500A1CC22 /* SearchAPIs.storyboard in Resources */ = {isa = PBXBuildFile; fileRef = 8A0714B41BA46D0500A1CC22 /* SearchAPIs.storyboard */; };
		8A2AC86C1BB91A3800C05128 /* ForceTouch.storyboard in Resources */ = {isa = PBXBuildFile; fileRef = 8A2AC86A1BB91A3800C05128 /* ForceTouch.storyboard */; };
		8A2AC86D1BB91A3800C05128 /* ForceTouchViewController.swift in Sources */ = {isa = PBXBuildFile; fileRef = 8A2AC86B1BB91A3800C05128 /* ForceTouchViewController.swift */; };
		8A2AC8741BB91ACD00C05128 /* QuickActionsViewController.swift in Sources */ = {isa = PBXBuildFile; fileRef = 8A2AC8731BB91ACD00C05128 /* QuickActionsViewController.swift */; };
		8A2AC8761BB91ADA00C05128 /* QuickActions.storyboard in Resources */ = {isa = PBXBuildFile; fileRef = 8A2AC8751BB91ADA00C05128 /* QuickActions.storyboard */; };
		8A2AC87C1BB91E2200C05128 /* PulsingHaloLayer.m in Sources */ = {isa = PBXBuildFile; fileRef = 8A2AC87B1BB91E2200C05128 /* PulsingHaloLayer.m */; };
		8A3588241B33CCC000D4D32C /* TextDetectViewController.swift in Sources */ = {isa = PBXBuildFile; fileRef = 8A3588231B33CCC000D4D32C /* TextDetectViewController.swift */; };
		8A3588261B33CCD400D4D32C /* TextDetect.storyboard in Resources */ = {isa = PBXBuildFile; fileRef = 8A3588251B33CCD400D4D32C /* TextDetect.storyboard */; };
		8A35882F1B33EC7A00D4D32C /* FiltersViewController.swift in Sources */ = {isa = PBXBuildFile; fileRef = 8A35882E1B33EC7A00D4D32C /* FiltersViewController.swift */; };
		8A3588311B33EC8800D4D32C /* Filters.storyboard in Resources */ = {isa = PBXBuildFile; fileRef = 8A3588301B33EC8800D4D32C /* Filters.storyboard */; };
		8A3588331B33F3B500D4D32C /* FilterDetailViewController.swift in Sources */ = {isa = PBXBuildFile; fileRef = 8A3588321B33F3B500D4D32C /* FilterDetailViewController.swift */; };
		8A3588351B3424E100D4D32C /* StillImageFiltersViewController.swift in Sources */ = {isa = PBXBuildFile; fileRef = 8A3588341B3424E100D4D32C /* StillImageFiltersViewController.swift */; };
		8A3588371B342BF200D4D32C /* StillImageFilters.storyboard in Resources */ = {isa = PBXBuildFile; fileRef = 8A3588361B342BF200D4D32C /* StillImageFilters.storyboard */; };
		8A3A32151B35DAD10016C4CE /* AudioUnitComponentManagerViewController.swift in Sources */ = {isa = PBXBuildFile; fileRef = 8A3A32141B35DAD10016C4CE /* AudioUnitComponentManagerViewController.swift */; };
		8A3A32171B35DAE10016C4CE /* AudioUnitComponentManager.storyboard in Resources */ = {isa = PBXBuildFile; fileRef = 8A3A32161B35DAE10016C4CE /* AudioUnitComponentManager.storyboard */; };
		8A3A321E1B35F0740016C4CE /* drumLoop.caf in Resources */ = {isa = PBXBuildFile; fileRef = 8A3A321C1B35F0740016C4CE /* drumLoop.caf */; };
		8A6FC3931BA53238007942FE /* Safari.storyboard in Resources */ = {isa = PBXBuildFile; fileRef = 8A6FC3921BA53238007942FE /* Safari.storyboard */; };
		8A6FC3951BA53249007942FE /* SafariViewController.swift in Sources */ = {isa = PBXBuildFile; fileRef = 8A6FC3941BA53249007942FE /* SafariViewController.swift */; };
		8A6FC3981BA550BA007942FE /* SpringViewController.swift in Sources */ = {isa = PBXBuildFile; fileRef = 8A6FC3971BA550BA007942FE /* SpringViewController.swift */; };
		8A6FC39A1BA550C3007942FE /* Spring.storyboard in Resources */ = {isa = PBXBuildFile; fileRef = 8A6FC3991BA550C3007942FE /* Spring.storyboard */; };
		8A76D7751BD4B68C00C3881D /* CoreImageTransitionsViewController.swift in Sources */ = {isa = PBXBuildFile; fileRef = 8A76D7741BD4B68C00C3881D /* CoreImageTransitionsViewController.swift */; };
		8A76D7771BD4B69C00C3881D /* CoreImageTransitions.storyboard in Resources */ = {isa = PBXBuildFile; fileRef = 8A76D7761BD4B69C00C3881D /* CoreImageTransitions.storyboard */; };
		8A76D7921BD4B8C400C3881D /* CoreImageTransition.m in Sources */ = {isa = PBXBuildFile; fileRef = 8A76D7831BD4B8C400C3881D /* CoreImageTransition.m */; };
		8A76D7931BD4B8C400C3881D /* CoreImageTransitionHelper.m in Sources */ = {isa = PBXBuildFile; fileRef = 8A76D7851BD4B8C400C3881D /* CoreImageTransitionHelper.m */; };
		8A76D7941BD4B8C400C3881D /* CoreImageTransitionView.m in Sources */ = {isa = PBXBuildFile; fileRef = 8A76D7881BD4B8C400C3881D /* CoreImageTransitionView.m */; };
		8A76D79C1BD4BC3300C3881D /* restrictedshine.tiff in Resources */ = {isa = PBXBuildFile; fileRef = 8A76D79A1BD4BC3300C3881D /* restrictedshine.tiff */; };
		8A7858891B8DDDBA00F93493 /* MapCustomizationsViewController.swift in Sources */ = {isa = PBXBuildFile; fileRef = 8A7858881B8DDDBA00F93493 /* MapCustomizationsViewController.swift */; };
		8A78588B1B8DDDD100F93493 /* MapCustomizations.storyboard in Resources */ = {isa = PBXBuildFile; fileRef = 8A78588A1B8DDDD100F93493 /* MapCustomizations.storyboard */; };
		8A7AC62E1BA9BE46005CC482 /* AddedFonts9.plist in Resources */ = {isa = PBXBuildFile; fileRef = 8A7AC62D1BA9BE46005CC482 /* AddedFonts9.plist */; };
		8A7AC6301BA9BFCE005CC482 /* FontsViewController.swift in Sources */ = {isa = PBXBuildFile; fileRef = 8A7AC62F1BA9BFCE005CC482 /* FontsViewController.swift */; };
		8A7AC6321BA9BFD8005CC482 /* Fonts.storyboard in Resources */ = {isa = PBXBuildFile; fileRef = 8A7AC6311BA9BFD8005CC482 /* Fonts.storyboard */; };
		8A7C19CA1B8B63AF00F75F88 /* FilterHelper.swift in Sources */ = {isa = PBXBuildFile; fileRef = 8A7C19C91B8B63AF00F75F88 /* FilterHelper.swift */; };
		8A81FCF21BA90D8000F8A4F8 /* StringTransformViewController.swift in Sources */ = {isa = PBXBuildFile; fileRef = 8A81FCF11BA90D8000F8A4F8 /* StringTransformViewController.swift */; };
		8A81FCF41BA90D8E00F8A4F8 /* StringTransform.storyboard in Resources */ = {isa = PBXBuildFile; fileRef = 8A81FCF31BA90D8E00F8A4F8 /* StringTransform.storyboard */; };
		8A9078CF1B949A5F000518C3 /* blockerList.json in Resources */ = {isa = PBXBuildFile; fileRef = 8A9078CE1B949A5F000518C3 /* blockerList.json */; };
		8A9078D11B949A5F000518C3 /* ActionRequestHandler.swift in Sources */ = {isa = PBXBuildFile; fileRef = 8A9078D01B949A5F000518C3 /* ActionRequestHandler.swift */; };
		8A9078D51B949A5F000518C3 /* TwitterHeaderBlocker.appex in Embed App Extensions */ = {isa = PBXBuildFile; fileRef = 8A9078CC1B949A5F000518C3 /* TwitterHeaderBlocker.appex */; settings = {ATTRIBUTES = (RemoveHeadersOnCopy, ); }; };
		8A9078DA1B949B64000518C3 /* ContentBlockerViewController.swift in Sources */ = {isa = PBXBuildFile; fileRef = 8A9078D91B949B64000518C3 /* ContentBlockerViewController.swift */; };
		8A9078DC1B949B72000518C3 /* ContentBlocker.storyboard in Resources */ = {isa = PBXBuildFile; fileRef = 8A9078DB1B949B72000518C3 /* ContentBlocker.storyboard */; };
		8A9078E51B949BCC000518C3 /* blockerList.json in Resources */ = {isa = PBXBuildFile; fileRef = 8A9078E41B949BCC000518C3 /* blockerList.json */; };
		8A9078E71B949BCC000518C3 /* ActionRequestHandler.swift in Sources */ = {isa = PBXBuildFile; fileRef = 8A9078E61B949BCC000518C3 /* ActionRequestHandler.swift */; };
		8A9078EB1B949BCC000518C3 /* TwitterImageBlocker.appex in Embed App Extensions */ = {isa = PBXBuildFile; fileRef = 8A9078E21B949BCC000518C3 /* TwitterImageBlocker.appex */; settings = {ATTRIBUTES = (RemoveHeadersOnCopy, ); }; };
		8AD5D7571B295E8C001924F0 /* AppDelegate.swift in Sources */ = {isa = PBXBuildFile; fileRef = 8AD5D7561B295E8C001924F0 /* AppDelegate.swift */; };
		8AD5D7591B295E8C001924F0 /* RootViewController.swift in Sources */ = {isa = PBXBuildFile; fileRef = 8AD5D7581B295E8C001924F0 /* RootViewController.swift */; };
		8AD5D75C1B295E8C001924F0 /* Main.storyboard in Resources */ = {isa = PBXBuildFile; fileRef = 8AD5D75A1B295E8C001924F0 /* Main.storyboard */; };
		8AD5D75E1B295E8C001924F0 /* Assets.xcassets in Resources */ = {isa = PBXBuildFile; fileRef = 8AD5D75D1B295E8C001924F0 /* Assets.xcassets */; };
		8AD5D7611B295E8C001924F0 /* LaunchScreen.storyboard in Resources */ = {isa = PBXBuildFile; fileRef = 8AD5D75F1B295E8C001924F0 /* LaunchScreen.storyboard */; };
		8AD5D76C1B295E8C001924F0 /* iOS9SamplerTests.swift in Sources */ = {isa = PBXBuildFile; fileRef = 8AD5D76B1B295E8C001924F0 /* iOS9SamplerTests.swift */; };
		8AD5D7771B295E8C001924F0 /* iOS9SamplerUITests.swift in Sources */ = {isa = PBXBuildFile; fileRef = 8AD5D7761B295E8C001924F0 /* iOS9SamplerUITests.swift */; };
		8ADBD9FA1B8F675E00BB46D8 /* RootViewCell.swift in Sources */ = {isa = PBXBuildFile; fileRef = 8ADBD9F91B8F675E00BB46D8 /* RootViewCell.swift */; };
		8ADC74841BA578F400FA178A /* StackView.storyboard in Resources */ = {isa = PBXBuildFile; fileRef = 8ADC74831BA578F400FA178A /* StackView.storyboard */; };
		8ADC74881BA5792D00FA178A /* StackViewViewController.swift in Sources */ = {isa = PBXBuildFile; fileRef = 8ADC74871BA5792D00FA178A /* StackViewViewController.swift */; };
		8AF73F9A1BA0237E00E3783E /* SpeechViewController.swift in Sources */ = {isa = PBXBuildFile; fileRef = 8AF73F991BA0237E00E3783E /* SpeechViewController.swift */; };
		8AF73F9C1BA0238900E3783E /* Speech.storyboard in Resources */ = {isa = PBXBuildFile; fileRef = 8AF73F9B1BA0238900E3783E /* Speech.storyboard */; };
		8AF73FA51BA03C8900E3783E /* LowPowerMode.storyboard in Resources */ = {isa = PBXBuildFile; fileRef = 8AF73FA41BA03C8900E3783E /* LowPowerMode.storyboard */; };
		8AF73FA71BA03C9600E3783E /* LowPowerModeViewController.swift in Sources */ = {isa = PBXBuildFile; fileRef = 8AF73FA61BA03C9600E3783E /* LowPowerModeViewController.swift */; };
		8AF73FAA1BA051E100E3783E /* PhotosViewController.swift in Sources */ = {isa = PBXBuildFile; fileRef = 8AF73FA91BA051E100E3783E /* PhotosViewController.swift */; };
		8AF73FAC1BA051EC00E3783E /* Photos.storyboard in Resources */ = {isa = PBXBuildFile; fileRef = 8AF73FAB1BA051EC00E3783E /* Photos.storyboard */; };
		8AF73FAE1BA0529600E3783E /* PhotosCell.swift in Sources */ = {isa = PBXBuildFile; fileRef = 8AF73FAD1BA0529600E3783E /* PhotosCell.swift */; };
		BD490BD71BDCDF530066B403 /* ReplayKitViewController.swift in Sources */ = {isa = PBXBuildFile; fileRef = BD490BD51BDCDF530066B403 /* ReplayKitViewController.swift */; };
		BD490BDA1BDCDF7A0066B403 /* ReplayKit.storyboard in Resources */ = {isa = PBXBuildFile; fileRef = BD490BD91BDCDF7A0066B403 /* ReplayKit.storyboard */; };
		BDD0D4A81BB2E6FF00995959 /* ContactsViewController.swift in Sources */ = {isa = PBXBuildFile; fileRef = BDD0D4A61BB2E6FF00995959 /* ContactsViewController.swift */; };
		BDD0D4AA1BB2E85C00995959 /* Contacts.storyboard in Resources */ = {isa = PBXBuildFile; fileRef = BDD0D4A91BB2E85C00995959 /* Contacts.storyboard */; };
/* End PBXBuildFile section */

/* Begin PBXContainerItemProxy section */
		8A9078D31B949A5F000518C3 /* PBXContainerItemProxy */ = {
			isa = PBXContainerItemProxy;
			containerPortal = 8AD5D74B1B295E8C001924F0 /* Project object */;
			proxyType = 1;
			remoteGlobalIDString = 8A9078CB1B949A5F000518C3;
			remoteInfo = TwitterHeaderBlocker;
		};
		8A9078E91B949BCC000518C3 /* PBXContainerItemProxy */ = {
			isa = PBXContainerItemProxy;
			containerPortal = 8AD5D74B1B295E8C001924F0 /* Project object */;
			proxyType = 1;
			remoteGlobalIDString = 8A9078E11B949BCC000518C3;
			remoteInfo = TwitterImageBlocker;
		};
		8AD5D7681B295E8C001924F0 /* PBXContainerItemProxy */ = {
			isa = PBXContainerItemProxy;
			containerPortal = 8AD5D74B1B295E8C001924F0 /* Project object */;
			proxyType = 1;
			remoteGlobalIDString = 8AD5D7521B295E8C001924F0;
			remoteInfo = iOS9Sampler;
		};
		8AD5D7731B295E8C001924F0 /* PBXContainerItemProxy */ = {
			isa = PBXContainerItemProxy;
			containerPortal = 8AD5D74B1B295E8C001924F0 /* Project object */;
			proxyType = 1;
			remoteGlobalIDString = 8AD5D7521B295E8C001924F0;
			remoteInfo = iOS9Sampler;
		};
/* End PBXContainerItemProxy section */

/* Begin PBXCopyFilesBuildPhase section */
		8A9078C71B948F05000518C3 /* Embed App Extensions */ = {
			isa = PBXCopyFilesBuildPhase;
			buildActionMask = 2147483647;
			dstPath = "";
			dstSubfolderSpec = 13;
			files = (
				8A9078D51B949A5F000518C3 /* TwitterHeaderBlocker.appex in Embed App Extensions */,
				8A9078EB1B949BCC000518C3 /* TwitterImageBlocker.appex in Embed App Extensions */,
			);
			name = "Embed App Extensions";
			runOnlyForDeploymentPostprocessing = 0;
		};
/* End PBXCopyFilesBuildPhase section */

/* Begin PBXFileReference section */
		8A0714B21BA46CF300A1CC22 /* SearchAPIsViewController.swift */ = {isa = PBXFileReference; fileEncoding = 4; lastKnownFileType = sourcecode.swift; path = SearchAPIsViewController.swift; sourceTree = "<group>"; };
		8A0714B41BA46D0500A1CC22 /* SearchAPIs.storyboard */ = {isa = PBXFileReference; fileEncoding = 4; lastKnownFileType = file.storyboard; path = SearchAPIs.storyboard; sourceTree = "<group>"; };
		8A2AC86A1BB91A3800C05128 /* ForceTouch.storyboard */ = {isa = PBXFileReference; fileEncoding = 4; lastKnownFileType = file.storyboard; path = ForceTouch.storyboard; sourceTree = "<group>"; };
		8A2AC86B1BB91A3800C05128 /* ForceTouchViewController.swift */ = {isa = PBXFileReference; fileEncoding = 4; lastKnownFileType = sourcecode.swift; path = ForceTouchViewController.swift; sourceTree = "<group>"; };
		8A2AC8731BB91ACD00C05128 /* QuickActionsViewController.swift */ = {isa = PBXFileReference; fileEncoding = 4; lastKnownFileType = sourcecode.swift; path = QuickActionsViewController.swift; sourceTree = "<group>"; };
		8A2AC8751BB91ADA00C05128 /* QuickActions.storyboard */ = {isa = PBXFileReference; fileEncoding = 4; lastKnownFileType = file.storyboard; path = QuickActions.storyboard; sourceTree = "<group>"; };
		8A2AC87A1BB91E2200C05128 /* PulsingHaloLayer.h */ = {isa = PBXFileReference; fileEncoding = 4; lastKnownFileType = sourcecode.c.h; path = PulsingHaloLayer.h; sourceTree = "<group>"; };
		8A2AC87B1BB91E2200C05128 /* PulsingHaloLayer.m */ = {isa = PBXFileReference; fileEncoding = 4; lastKnownFileType = sourcecode.c.objc; path = PulsingHaloLayer.m; sourceTree = "<group>"; };
		8A3588231B33CCC000D4D32C /* TextDetectViewController.swift */ = {isa = PBXFileReference; fileEncoding = 4; lastKnownFileType = sourcecode.swift; path = TextDetectViewController.swift; sourceTree = "<group>"; };
		8A3588251B33CCD400D4D32C /* TextDetect.storyboard */ = {isa = PBXFileReference; fileEncoding = 4; lastKnownFileType = file.storyboard; path = TextDetect.storyboard; sourceTree = "<group>"; };
		8A3588271B33CD1700D4D32C /* iOS9Sampler-Bridging-Header.h */ = {isa = PBXFileReference; lastKnownFileType = sourcecode.c.h; name = "iOS9Sampler-Bridging-Header.h"; path = "SampleViewControllers/iOS9Sampler-Bridging-Header.h"; sourceTree = "<group>"; };
		8A35882E1B33EC7A00D4D32C /* FiltersViewController.swift */ = {isa = PBXFileReference; fileEncoding = 4; lastKnownFileType = sourcecode.swift; path = FiltersViewController.swift; sourceTree = "<group>"; };
		8A3588301B33EC8800D4D32C /* Filters.storyboard */ = {isa = PBXFileReference; fileEncoding = 4; lastKnownFileType = file.storyboard; path = Filters.storyboard; sourceTree = "<group>"; };
		8A3588321B33F3B500D4D32C /* FilterDetailViewController.swift */ = {isa = PBXFileReference; fileEncoding = 4; lastKnownFileType = sourcecode.swift; path = FilterDetailViewController.swift; sourceTree = "<group>"; };
		8A3588341B3424E100D4D32C /* StillImageFiltersViewController.swift */ = {isa = PBXFileReference; fileEncoding = 4; lastKnownFileType = sourcecode.swift; path = StillImageFiltersViewController.swift; sourceTree = "<group>"; };
		8A3588361B342BF200D4D32C /* StillImageFilters.storyboard */ = {isa = PBXFileReference; fileEncoding = 4; lastKnownFileType = file.storyboard; path = StillImageFilters.storyboard; sourceTree = "<group>"; };
		8A3A32141B35DAD10016C4CE /* AudioUnitComponentManagerViewController.swift */ = {isa = PBXFileReference; fileEncoding = 4; lastKnownFileType = sourcecode.swift; path = AudioUnitComponentManagerViewController.swift; sourceTree = "<group>"; };
		8A3A32161B35DAE10016C4CE /* AudioUnitComponentManager.storyboard */ = {isa = PBXFileReference; fileEncoding = 4; lastKnownFileType = file.storyboard; path = AudioUnitComponentManager.storyboard; sourceTree = "<group>"; };
		8A3A321C1B35F0740016C4CE /* drumLoop.caf */ = {isa = PBXFileReference; lastKnownFileType = file; path = drumLoop.caf; sourceTree = "<group>"; };
		8A6FC3921BA53238007942FE /* Safari.storyboard */ = {isa = PBXFileReference; fileEncoding = 4; lastKnownFileType = file.storyboard; path = Safari.storyboard; sourceTree = "<group>"; };
		8A6FC3941BA53249007942FE /* SafariViewController.swift */ = {isa = PBXFileReference; fileEncoding = 4; lastKnownFileType = sourcecode.swift; path = SafariViewController.swift; sourceTree = "<group>"; };
		8A6FC3971BA550BA007942FE /* SpringViewController.swift */ = {isa = PBXFileReference; fileEncoding = 4; lastKnownFileType = sourcecode.swift; path = SpringViewController.swift; sourceTree = "<group>"; };
		8A6FC3991BA550C3007942FE /* Spring.storyboard */ = {isa = PBXFileReference; fileEncoding = 4; lastKnownFileType = file.storyboard; path = Spring.storyboard; sourceTree = "<group>"; };
		8A76D7741BD4B68C00C3881D /* CoreImageTransitionsViewController.swift */ = {isa = PBXFileReference; fileEncoding = 4; lastKnownFileType = sourcecode.swift; path = CoreImageTransitionsViewController.swift; sourceTree = "<group>"; };
		8A76D7761BD4B69C00C3881D /* CoreImageTransitions.storyboard */ = {isa = PBXFileReference; fileEncoding = 4; lastKnownFileType = file.storyboard; path = CoreImageTransitions.storyboard; sourceTree = "<group>"; };
		8A76D7821BD4B8C400C3881D /* CoreImageTransition.h */ = {isa = PBXFileReference; fileEncoding = 4; lastKnownFileType = sourcecode.c.h; path = CoreImageTransition.h; sourceTree = "<group>"; };
		8A76D7831BD4B8C400C3881D /* CoreImageTransition.m */ = {isa = PBXFileReference; fileEncoding = 4; lastKnownFileType = sourcecode.c.objc; path = CoreImageTransition.m; sourceTree = "<group>"; };
		8A76D7841BD4B8C400C3881D /* CoreImageTransitionHelper.h */ = {isa = PBXFileReference; fileEncoding = 4; lastKnownFileType = sourcecode.c.h; path = CoreImageTransitionHelper.h; sourceTree = "<group>"; };
		8A76D7851BD4B8C400C3881D /* CoreImageTransitionHelper.m */ = {isa = PBXFileReference; fileEncoding = 4; lastKnownFileType = sourcecode.c.objc; path = CoreImageTransitionHelper.m; sourceTree = "<group>"; };
		8A76D7861BD4B8C400C3881D /* CoreImageTransitionTypes.h */ = {isa = PBXFileReference; fileEncoding = 4; lastKnownFileType = sourcecode.c.h; path = CoreImageTransitionTypes.h; sourceTree = "<group>"; };
		8A76D7871BD4B8C400C3881D /* CoreImageTransitionView.h */ = {isa = PBXFileReference; fileEncoding = 4; lastKnownFileType = sourcecode.c.h; path = CoreImageTransitionView.h; sourceTree = "<group>"; };
		8A76D7881BD4B8C400C3881D /* CoreImageTransitionView.m */ = {isa = PBXFileReference; fileEncoding = 4; lastKnownFileType = sourcecode.c.objc; path = CoreImageTransitionView.m; sourceTree = "<group>"; };
		8A76D79A1BD4BC3300C3881D /* restrictedshine.tiff */ = {isa = PBXFileReference; lastKnownFileType = image.tiff; path = restrictedshine.tiff; sourceTree = "<group>"; };
		8A7858881B8DDDBA00F93493 /* MapCustomizationsViewController.swift */ = {isa = PBXFileReference; fileEncoding = 4; lastKnownFileType = sourcecode.swift; path = MapCustomizationsViewController.swift; sourceTree = "<group>"; };
		8A78588A1B8DDDD100F93493 /* MapCustomizations.storyboard */ = {isa = PBXFileReference; fileEncoding = 4; lastKnownFileType = file.storyboard; path = MapCustomizations.storyboard; sourceTree = "<group>"; };
		8A7AC62D1BA9BE46005CC482 /* AddedFonts9.plist */ = {isa = PBXFileReference; fileEncoding = 4; lastKnownFileType = text.plist.xml; path = AddedFonts9.plist; sourceTree = "<group>"; };
		8A7AC62F1BA9BFCE005CC482 /* FontsViewController.swift */ = {isa = PBXFileReference; fileEncoding = 4; lastKnownFileType = sourcecode.swift; path = FontsViewController.swift; sourceTree = "<group>"; };
		8A7AC6311BA9BFD8005CC482 /* Fonts.storyboard */ = {isa = PBXFileReference; fileEncoding = 4; lastKnownFileType = file.storyboard; path = Fonts.storyboard; sourceTree = "<group>"; };
		8A7C19C91B8B63AF00F75F88 /* FilterHelper.swift */ = {isa = PBXFileReference; fileEncoding = 4; lastKnownFileType = sourcecode.swift; path = FilterHelper.swift; sourceTree = "<group>"; };
		8A81FCF11BA90D8000F8A4F8 /* StringTransformViewController.swift */ = {isa = PBXFileReference; fileEncoding = 4; lastKnownFileType = sourcecode.swift; path = StringTransformViewController.swift; sourceTree = "<group>"; };
		8A81FCF31BA90D8E00F8A4F8 /* StringTransform.storyboard */ = {isa = PBXFileReference; fileEncoding = 4; lastKnownFileType = file.storyboard; path = StringTransform.storyboard; sourceTree = "<group>"; };
		8A9078CC1B949A5F000518C3 /* TwitterHeaderBlocker.appex */ = {isa = PBXFileReference; explicitFileType = "wrapper.app-extension"; includeInIndex = 0; path = TwitterHeaderBlocker.appex; sourceTree = BUILT_PRODUCTS_DIR; };
		8A9078CE1B949A5F000518C3 /* blockerList.json */ = {isa = PBXFileReference; lastKnownFileType = text.json; path = blockerList.json; sourceTree = "<group>"; };
		8A9078D01B949A5F000518C3 /* ActionRequestHandler.swift */ = {isa = PBXFileReference; lastKnownFileType = sourcecode.swift; path = ActionRequestHandler.swift; sourceTree = "<group>"; };
		8A9078D21B949A5F000518C3 /* Info.plist */ = {isa = PBXFileReference; lastKnownFileType = text.plist.xml; path = Info.plist; sourceTree = "<group>"; };
		8A9078D91B949B64000518C3 /* ContentBlockerViewController.swift */ = {isa = PBXFileReference; fileEncoding = 4; lastKnownFileType = sourcecode.swift; path = ContentBlockerViewController.swift; sourceTree = "<group>"; };
		8A9078DB1B949B72000518C3 /* ContentBlocker.storyboard */ = {isa = PBXFileReference; fileEncoding = 4; lastKnownFileType = file.storyboard; path = ContentBlocker.storyboard; sourceTree = "<group>"; };
		8A9078E21B949BCC000518C3 /* TwitterImageBlocker.appex */ = {isa = PBXFileReference; explicitFileType = "wrapper.app-extension"; includeInIndex = 0; path = TwitterImageBlocker.appex; sourceTree = BUILT_PRODUCTS_DIR; };
		8A9078E41B949BCC000518C3 /* blockerList.json */ = {isa = PBXFileReference; lastKnownFileType = text.json; path = blockerList.json; sourceTree = "<group>"; };
		8A9078E61B949BCC000518C3 /* ActionRequestHandler.swift */ = {isa = PBXFileReference; lastKnownFileType = sourcecode.swift; path = ActionRequestHandler.swift; sourceTree = "<group>"; };
		8A9078E81B949BCC000518C3 /* Info.plist */ = {isa = PBXFileReference; lastKnownFileType = text.plist.xml; path = Info.plist; sourceTree = "<group>"; };
		8AD5D7531B295E8C001924F0 /* iOS9Sampler.app */ = {isa = PBXFileReference; explicitFileType = wrapper.application; includeInIndex = 0; path = iOS9Sampler.app; sourceTree = BUILT_PRODUCTS_DIR; };
		8AD5D7561B295E8C001924F0 /* AppDelegate.swift */ = {isa = PBXFileReference; lastKnownFileType = sourcecode.swift; path = AppDelegate.swift; sourceTree = "<group>"; };
		8AD5D7581B295E8C001924F0 /* RootViewController.swift */ = {isa = PBXFileReference; lastKnownFileType = sourcecode.swift; path = RootViewController.swift; sourceTree = "<group>"; };
		8AD5D75B1B295E8C001924F0 /* Base */ = {isa = PBXFileReference; lastKnownFileType = file.storyboard; name = Base; path = Base.lproj/Main.storyboard; sourceTree = "<group>"; };
		8AD5D75D1B295E8C001924F0 /* Assets.xcassets */ = {isa = PBXFileReference; lastKnownFileType = folder.assetcatalog; path = Assets.xcassets; sourceTree = "<group>"; };
		8AD5D7601B295E8C001924F0 /* Base */ = {isa = PBXFileReference; lastKnownFileType = file.storyboard; name = Base; path = Base.lproj/LaunchScreen.storyboard; sourceTree = "<group>"; };
		8AD5D7621B295E8C001924F0 /* Info.plist */ = {isa = PBXFileReference; lastKnownFileType = text.plist.xml; path = Info.plist; sourceTree = "<group>"; };
		8AD5D7671B295E8C001924F0 /* iOS9SamplerTests.xctest */ = {isa = PBXFileReference; explicitFileType = wrapper.cfbundle; includeInIndex = 0; path = iOS9SamplerTests.xctest; sourceTree = BUILT_PRODUCTS_DIR; };
		8AD5D76B1B295E8C001924F0 /* iOS9SamplerTests.swift */ = {isa = PBXFileReference; lastKnownFileType = sourcecode.swift; path = iOS9SamplerTests.swift; sourceTree = "<group>"; };
		8AD5D76D1B295E8C001924F0 /* Info.plist */ = {isa = PBXFileReference; lastKnownFileType = text.plist.xml; path = Info.plist; sourceTree = "<group>"; };
		8AD5D7721B295E8C001924F0 /* iOS9SamplerUITests.xctest */ = {isa = PBXFileReference; explicitFileType = wrapper.cfbundle; includeInIndex = 0; path = iOS9SamplerUITests.xctest; sourceTree = BUILT_PRODUCTS_DIR; };
		8AD5D7761B295E8C001924F0 /* iOS9SamplerUITests.swift */ = {isa = PBXFileReference; lastKnownFileType = sourcecode.swift; path = iOS9SamplerUITests.swift; sourceTree = "<group>"; };
		8AD5D7781B295E8C001924F0 /* Info.plist */ = {isa = PBXFileReference; lastKnownFileType = text.plist.xml; path = Info.plist; sourceTree = "<group>"; };
		8ADBD9F91B8F675E00BB46D8 /* RootViewCell.swift */ = {isa = PBXFileReference; fileEncoding = 4; lastKnownFileType = sourcecode.swift; path = RootViewCell.swift; sourceTree = "<group>"; };
		8ADC74831BA578F400FA178A /* StackView.storyboard */ = {isa = PBXFileReference; fileEncoding = 4; lastKnownFileType = file.storyboard; path = StackView.storyboard; sourceTree = "<group>"; };
		8ADC74871BA5792D00FA178A /* StackViewViewController.swift */ = {isa = PBXFileReference; fileEncoding = 4; lastKnownFileType = sourcecode.swift; path = StackViewViewController.swift; sourceTree = "<group>"; };
		8AF73F991BA0237E00E3783E /* SpeechViewController.swift */ = {isa = PBXFileReference; fileEncoding = 4; lastKnownFileType = sourcecode.swift; path = SpeechViewController.swift; sourceTree = "<group>"; };
		8AF73F9B1BA0238900E3783E /* Speech.storyboard */ = {isa = PBXFileReference; fileEncoding = 4; lastKnownFileType = file.storyboard; path = Speech.storyboard; sourceTree = "<group>"; };
		8AF73FA41BA03C8900E3783E /* LowPowerMode.storyboard */ = {isa = PBXFileReference; fileEncoding = 4; lastKnownFileType = file.storyboard; path = LowPowerMode.storyboard; sourceTree = "<group>"; };
		8AF73FA61BA03C9600E3783E /* LowPowerModeViewController.swift */ = {isa = PBXFileReference; fileEncoding = 4; lastKnownFileType = sourcecode.swift; path = LowPowerModeViewController.swift; sourceTree = "<group>"; };
		8AF73FA91BA051E100E3783E /* PhotosViewController.swift */ = {isa = PBXFileReference; fileEncoding = 4; lastKnownFileType = sourcecode.swift; path = PhotosViewController.swift; sourceTree = "<group>"; };
		8AF73FAB1BA051EC00E3783E /* Photos.storyboard */ = {isa = PBXFileReference; fileEncoding = 4; lastKnownFileType = file.storyboard; path = Photos.storyboard; sourceTree = "<group>"; };
		8AF73FAD1BA0529600E3783E /* PhotosCell.swift */ = {isa = PBXFileReference; fileEncoding = 4; lastKnownFileType = sourcecode.swift; path = PhotosCell.swift; sourceTree = "<group>"; };
		BD490BD51BDCDF530066B403 /* ReplayKitViewController.swift */ = {isa = PBXFileReference; fileEncoding = 4; lastKnownFileType = sourcecode.swift; path = ReplayKitViewController.swift; sourceTree = "<group>"; };
		BD490BD91BDCDF7A0066B403 /* ReplayKit.storyboard */ = {isa = PBXFileReference; fileEncoding = 4; lastKnownFileType = file.storyboard; path = ReplayKit.storyboard; sourceTree = "<group>"; };
		BDD0D4A61BB2E6FF00995959 /* ContactsViewController.swift */ = {isa = PBXFileReference; fileEncoding = 4; lastKnownFileType = sourcecode.swift; path = ContactsViewController.swift; sourceTree = "<group>"; };
		BDD0D4A91BB2E85C00995959 /* Contacts.storyboard */ = {isa = PBXFileReference; fileEncoding = 4; lastKnownFileType = file.storyboard; path = Contacts.storyboard; sourceTree = "<group>"; };
/* End PBXFileReference section */

/* Begin PBXFrameworksBuildPhase section */
		8A9078C91B949A5F000518C3 /* Frameworks */ = {
			isa = PBXFrameworksBuildPhase;
			buildActionMask = 2147483647;
			files = (
			);
			runOnlyForDeploymentPostprocessing = 0;
		};
		8A9078DF1B949BCC000518C3 /* Frameworks */ = {
			isa = PBXFrameworksBuildPhase;
			buildActionMask = 2147483647;
			files = (
			);
			runOnlyForDeploymentPostprocessing = 0;
		};
		8AD5D7501B295E8C001924F0 /* Frameworks */ = {
			isa = PBXFrameworksBuildPhase;
			buildActionMask = 2147483647;
			files = (
			);
			runOnlyForDeploymentPostprocessing = 0;
		};
		8AD5D7641B295E8C001924F0 /* Frameworks */ = {
			isa = PBXFrameworksBuildPhase;
			buildActionMask = 2147483647;
			files = (
			);
			runOnlyForDeploymentPostprocessing = 0;
		};
		8AD5D76F1B295E8C001924F0 /* Frameworks */ = {
			isa = PBXFrameworksBuildPhase;
			buildActionMask = 2147483647;
			files = (
			);
			runOnlyForDeploymentPostprocessing = 0;
		};
/* End PBXFrameworksBuildPhase section */

/* Begin PBXGroup section */
		8A0714B61BA47DE100A1CC22 /* SearchAPIs */ = {
			isa = PBXGroup;
			children = (
				8A0714B21BA46CF300A1CC22 /* SearchAPIsViewController.swift */,
				8A0714B41BA46D0500A1CC22 /* SearchAPIs.storyboard */,
			);
			name = SearchAPIs;
			sourceTree = "<group>";
		};
		8A1E8E9D1BA0691300CAA287 /* Photos */ = {
			isa = PBXGroup;
			children = (
				8AF73FA91BA051E100E3783E /* PhotosViewController.swift */,
				8AF73FAD1BA0529600E3783E /* PhotosCell.swift */,
				8AF73FAB1BA051EC00E3783E /* Photos.storyboard */,
			);
			name = Photos;
			sourceTree = "<group>";
		};
		8A2AC8721BB91A6F00C05128 /* ForceTouch */ = {
			isa = PBXGroup;
			children = (
				8A2AC86B1BB91A3800C05128 /* ForceTouchViewController.swift */,
				8A2AC86A1BB91A3800C05128 /* ForceTouch.storyboard */,
			);
			name = ForceTouch;
			sourceTree = "<group>";
		};
		8A2AC8771BB91ADF00C05128 /* QuickActions */ = {
			isa = PBXGroup;
			children = (
				8A2AC8731BB91ACD00C05128 /* QuickActionsViewController.swift */,
				8A2AC8751BB91ADA00C05128 /* QuickActions.storyboard */,
			);
			name = QuickActions;
			sourceTree = "<group>";
		};
		8A2AC8781BB91E2200C05128 /* libs */ = {
			isa = PBXGroup;
			children = (
				8A76D7791BD4B8C400C3881D /* CoreImageTransitions */,
				8A2AC8791BB91E2200C05128 /* PulsingHalo */,
			);
			path = libs;
			sourceTree = "<group>";
		};
		8A2AC8791BB91E2200C05128 /* PulsingHalo */ = {
			isa = PBXGroup;
			children = (
				8A2AC87A1BB91E2200C05128 /* PulsingHaloLayer.h */,
				8A2AC87B1BB91E2200C05128 /* PulsingHaloLayer.m */,
			);
			path = PulsingHalo;
			sourceTree = "<group>";
		};
		8A3588221B33CCC000D4D32C /* SampleViewControllers */ = {
			isa = PBXGroup;
			children = (
				8A78588C1B8DDDEF00F93493 /* MapCustomizations */,
				8A7C19CB1B8B63BD00F75F88 /* TextDetection */,
				8A7C19C71B8B635B00F75F88 /* ImageFilters */,
				8A7C19CC1B8B63C700F75F88 /* AudioUnitComponentManager */,
				8AF73F9D1BA02C2E00E3783E /* SpeechVoices */,
				8A6FC39B1BA550C9007942FE /* CASpringAnimation */,
				8A81FCF01BA90D6000F8A4F8 /* StackView */,
				8A1E8E9D1BA0691300CAA287 /* Photos */,
				8A0714B61BA47DE100A1CC22 /* SearchAPIs */,
				8A9078DD1B949B79000518C3 /* ContentBlocker */,
				8A6FC3961BA53256007942FE /* SFSafariViewController */,
				8A81FCF51BA90D9300F8A4F8 /* StringTransform */,
				8A7C19C61B8B634C00F75F88 /* FilterAttributes */,
				8AF73FA81BA0432300E3783E /* LowPowerMode */,
				8A7AC6331BA9BFE1005CC482 /* Fonts */,
				BDD0D4A41BB2E68900995959 /* Contacts */,
				BD490BD41BDCDF2E0066B403 /* ReplayKit */,
				8A2AC8771BB91ADF00C05128 /* QuickActions */,
				8A2AC8721BB91A6F00C05128 /* ForceTouch */,
				8A76D7781BD4B74E00C3881D /* CoreImageTransitions */,
			);
			path = SampleViewControllers;
			sourceTree = "<group>";
		};
		8A3A32181B35F0740016C4CE /* Resources */ = {
			isa = PBXGroup;
			children = (
				8A7AC62C1BA9BE46005CC482 /* data */,
				8A3A321B1B35F0740016C4CE /* sounds */,
			);
			path = Resources;
			sourceTree = "<group>";
		};
		8A3A321B1B35F0740016C4CE /* sounds */ = {
			isa = PBXGroup;
			children = (
				8A3A321C1B35F0740016C4CE /* drumLoop.caf */,
			);
			path = sounds;
			sourceTree = "<group>";
		};
		8A6FC3961BA53256007942FE /* SFSafariViewController */ = {
			isa = PBXGroup;
			children = (
				8A6FC3941BA53249007942FE /* SafariViewController.swift */,
				8A6FC3921BA53238007942FE /* Safari.storyboard */,
			);
			name = SFSafariViewController;
			sourceTree = "<group>";
		};
		8A6FC39B1BA550C9007942FE /* CASpringAnimation */ = {
			isa = PBXGroup;
			children = (
				8A6FC3971BA550BA007942FE /* SpringViewController.swift */,
				8A6FC3991BA550C3007942FE /* Spring.storyboard */,
			);
			name = CASpringAnimation;
			sourceTree = "<group>";
		};
		8A76D7781BD4B74E00C3881D /* CoreImageTransitions */ = {
			isa = PBXGroup;
			children = (
				8A76D7741BD4B68C00C3881D /* CoreImageTransitionsViewController.swift */,
				8A76D7761BD4B69C00C3881D /* CoreImageTransitions.storyboard */,
			);
			name = CoreImageTransitions;
			sourceTree = "<group>";
		};
		8A76D7791BD4B8C400C3881D /* CoreImageTransitions */ = {
			isa = PBXGroup;
			children = (
				8A76D7981BD4BC3300C3881D /* Resources */,
				8A76D7821BD4B8C400C3881D /* CoreImageTransition.h */,
				8A76D7831BD4B8C400C3881D /* CoreImageTransition.m */,
				8A76D7841BD4B8C400C3881D /* CoreImageTransitionHelper.h */,
				8A76D7851BD4B8C400C3881D /* CoreImageTransitionHelper.m */,
				8A76D7861BD4B8C400C3881D /* CoreImageTransitionTypes.h */,
				8A76D7871BD4B8C400C3881D /* CoreImageTransitionView.h */,
				8A76D7881BD4B8C400C3881D /* CoreImageTransitionView.m */,
			);
			path = CoreImageTransitions;
			sourceTree = "<group>";
		};
		8A76D7981BD4BC3300C3881D /* Resources */ = {
			isa = PBXGroup;
			children = (
				8A76D79A1BD4BC3300C3881D /* restrictedshine.tiff */,
			);
			path = Resources;
			sourceTree = "<group>";
		};
		8A78588C1B8DDDEF00F93493 /* MapCustomizations */ = {
			isa = PBXGroup;
			children = (
				8A7858881B8DDDBA00F93493 /* MapCustomizationsViewController.swift */,
				8A78588A1B8DDDD100F93493 /* MapCustomizations.storyboard */,
			);
			name = MapCustomizations;
			sourceTree = "<group>";
		};
		8A7AC62C1BA9BE46005CC482 /* data */ = {
			isa = PBXGroup;
			children = (
				8A7AC62D1BA9BE46005CC482 /* AddedFonts9.plist */,
			);
			path = data;
			sourceTree = "<group>";
		};
		8A7AC6331BA9BFE1005CC482 /* Fonts */ = {
			isa = PBXGroup;
			children = (
				8A7AC62F1BA9BFCE005CC482 /* FontsViewController.swift */,
				8A7AC6311BA9BFD8005CC482 /* Fonts.storyboard */,
			);
			name = Fonts;
			sourceTree = "<group>";
		};
		8A7C19C61B8B634C00F75F88 /* FilterAttributes */ = {
			isa = PBXGroup;
			children = (
				8A35882E1B33EC7A00D4D32C /* FiltersViewController.swift */,
				8A3588321B33F3B500D4D32C /* FilterDetailViewController.swift */,
				8A3588301B33EC8800D4D32C /* Filters.storyboard */,
			);
			name = FilterAttributes;
			sourceTree = "<group>";
		};
		8A7C19C71B8B635B00F75F88 /* ImageFilters */ = {
			isa = PBXGroup;
			children = (
				8A3588341B3424E100D4D32C /* StillImageFiltersViewController.swift */,
				8A3588361B342BF200D4D32C /* StillImageFilters.storyboard */,
			);
			name = ImageFilters;
			sourceTree = "<group>";
		};
		8A7C19C81B8B63AF00F75F88 /* Common */ = {
			isa = PBXGroup;
			children = (
				8A7C19C91B8B63AF00F75F88 /* FilterHelper.swift */,
			);
			path = Common;
			sourceTree = "<group>";
		};
		8A7C19CB1B8B63BD00F75F88 /* TextDetection */ = {
			isa = PBXGroup;
			children = (
				8A3588231B33CCC000D4D32C /* TextDetectViewController.swift */,
				8A3588251B33CCD400D4D32C /* TextDetect.storyboard */,
			);
			name = TextDetection;
			sourceTree = "<group>";
		};
		8A7C19CC1B8B63C700F75F88 /* AudioUnitComponentManager */ = {
			isa = PBXGroup;
			children = (
				8A3A32141B35DAD10016C4CE /* AudioUnitComponentManagerViewController.swift */,
				8A3A32161B35DAE10016C4CE /* AudioUnitComponentManager.storyboard */,
			);
			name = AudioUnitComponentManager;
			sourceTree = "<group>";
		};
		8A81FCF01BA90D6000F8A4F8 /* StackView */ = {
			isa = PBXGroup;
			children = (
				8ADC74871BA5792D00FA178A /* StackViewViewController.swift */,
				8ADC74831BA578F400FA178A /* StackView.storyboard */,
			);
			name = StackView;
			sourceTree = "<group>";
		};
		8A81FCF51BA90D9300F8A4F8 /* StringTransform */ = {
			isa = PBXGroup;
			children = (
				8A81FCF11BA90D8000F8A4F8 /* StringTransformViewController.swift */,
				8A81FCF31BA90D8E00F8A4F8 /* StringTransform.storyboard */,
			);
			name = StringTransform;
			sourceTree = "<group>";
		};
		8A9078CD1B949A5F000518C3 /* TwitterHeaderBlocker */ = {
			isa = PBXGroup;
			children = (
				8A9078CE1B949A5F000518C3 /* blockerList.json */,
				8A9078D01B949A5F000518C3 /* ActionRequestHandler.swift */,
				8A9078D21B949A5F000518C3 /* Info.plist */,
			);
			path = TwitterHeaderBlocker;
			sourceTree = "<group>";
		};
		8A9078DD1B949B79000518C3 /* ContentBlocker */ = {
			isa = PBXGroup;
			children = (
				8A9078D91B949B64000518C3 /* ContentBlockerViewController.swift */,
				8A9078DB1B949B72000518C3 /* ContentBlocker.storyboard */,
			);
			name = ContentBlocker;
			sourceTree = "<group>";
		};
		8A9078E31B949BCC000518C3 /* TwitterImageBlocker */ = {
			isa = PBXGroup;
			children = (
				8A9078E41B949BCC000518C3 /* blockerList.json */,
				8A9078E61B949BCC000518C3 /* ActionRequestHandler.swift */,
				8A9078E81B949BCC000518C3 /* Info.plist */,
			);
			path = TwitterImageBlocker;
			sourceTree = "<group>";
		};
		8A9078EF1B949CF8000518C3 /* ContentBlockers */ = {
			isa = PBXGroup;
			children = (
				8A9078CD1B949A5F000518C3 /* TwitterHeaderBlocker */,
				8A9078E31B949BCC000518C3 /* TwitterImageBlocker */,
			);
			name = ContentBlockers;
			sourceTree = "<group>";
		};
		8A9078F01B949D42000518C3 /* iOS9SamplerExtensions */ = {
			isa = PBXGroup;
			children = (
				8A9078EF1B949CF8000518C3 /* ContentBlockers */,
			);
			name = iOS9SamplerExtensions;
			sourceTree = "<group>";
		};
		8AD5D74A1B295E8C001924F0 = {
			isa = PBXGroup;
			children = (
				8A3A32181B35F0740016C4CE /* Resources */,
				8AD5D7551B295E8C001924F0 /* iOS9Sampler */,
				8A9078F01B949D42000518C3 /* iOS9SamplerExtensions */,
				8AD5D76A1B295E8C001924F0 /* iOS9SamplerTests */,
				8AD5D7751B295E8C001924F0 /* iOS9SamplerUITests */,
				8A2AC8781BB91E2200C05128 /* libs */,
				8AD5D7541B295E8C001924F0 /* Products */,
			);
			sourceTree = "<group>";
		};
		8AD5D7541B295E8C001924F0 /* Products */ = {
			isa = PBXGroup;
			children = (
				8AD5D7531B295E8C001924F0 /* iOS9Sampler.app */,
				8AD5D7671B295E8C001924F0 /* iOS9SamplerTests.xctest */,
				8AD5D7721B295E8C001924F0 /* iOS9SamplerUITests.xctest */,
				8A9078CC1B949A5F000518C3 /* TwitterHeaderBlocker.appex */,
				8A9078E21B949BCC000518C3 /* TwitterImageBlocker.appex */,
			);
			name = Products;
			sourceTree = "<group>";
		};
		8AD5D7551B295E8C001924F0 /* iOS9Sampler */ = {
			isa = PBXGroup;
			children = (
				8AD5D75D1B295E8C001924F0 /* Assets.xcassets */,
				8AD5D7621B295E8C001924F0 /* Info.plist */,
				8A3588271B33CD1700D4D32C /* iOS9Sampler-Bridging-Header.h */,
				8AD5D75A1B295E8C001924F0 /* Main.storyboard */,
				8AD5D75F1B295E8C001924F0 /* LaunchScreen.storyboard */,
				8AD5D7561B295E8C001924F0 /* AppDelegate.swift */,
				8AD5D7581B295E8C001924F0 /* RootViewController.swift */,
				8ADBD9F91B8F675E00BB46D8 /* RootViewCell.swift */,
				8A7C19C81B8B63AF00F75F88 /* Common */,
				8A3588221B33CCC000D4D32C /* SampleViewControllers */,
			);
			path = iOS9Sampler;
			sourceTree = "<group>";
		};
		8AD5D76A1B295E8C001924F0 /* iOS9SamplerTests */ = {
			isa = PBXGroup;
			children = (
				8AD5D76B1B295E8C001924F0 /* iOS9SamplerTests.swift */,
				8AD5D76D1B295E8C001924F0 /* Info.plist */,
			);
			path = iOS9SamplerTests;
			sourceTree = "<group>";
		};
		8AD5D7751B295E8C001924F0 /* iOS9SamplerUITests */ = {
			isa = PBXGroup;
			children = (
				8AD5D7761B295E8C001924F0 /* iOS9SamplerUITests.swift */,
				8AD5D7781B295E8C001924F0 /* Info.plist */,
			);
			path = iOS9SamplerUITests;
			sourceTree = "<group>";
		};
		8AF73F9D1BA02C2E00E3783E /* SpeechVoices */ = {
			isa = PBXGroup;
			children = (
				8AF73F991BA0237E00E3783E /* SpeechViewController.swift */,
				8AF73F9B1BA0238900E3783E /* Speech.storyboard */,
			);
			name = SpeechVoices;
			sourceTree = "<group>";
		};
		8AF73FA81BA0432300E3783E /* LowPowerMode */ = {
			isa = PBXGroup;
			children = (
				8AF73FA61BA03C9600E3783E /* LowPowerModeViewController.swift */,
				8AF73FA41BA03C8900E3783E /* LowPowerMode.storyboard */,
			);
			name = LowPowerMode;
			sourceTree = "<group>";
		};
		BD490BD41BDCDF2E0066B403 /* ReplayKit */ = {
			isa = PBXGroup;
			children = (
				BD490BD51BDCDF530066B403 /* ReplayKitViewController.swift */,
				BD490BD91BDCDF7A0066B403 /* ReplayKit.storyboard */,
			);
			name = ReplayKit;
			sourceTree = "<group>";
		};
		BDD0D4A41BB2E68900995959 /* Contacts */ = {
			isa = PBXGroup;
			children = (
				BDD0D4A61BB2E6FF00995959 /* ContactsViewController.swift */,
				BDD0D4A91BB2E85C00995959 /* Contacts.storyboard */,
			);
			name = Contacts;
			sourceTree = "<group>";
		};
/* End PBXGroup section */

/* Begin PBXNativeTarget section */
		8A9078CB1B949A5F000518C3 /* TwitterHeaderBlocker */ = {
			isa = PBXNativeTarget;
			buildConfigurationList = 8A9078D61B949A60000518C3 /* Build configuration list for PBXNativeTarget "TwitterHeaderBlocker" */;
			buildPhases = (
				8A9078C81B949A5F000518C3 /* Sources */,
				8A9078C91B949A5F000518C3 /* Frameworks */,
				8A9078CA1B949A5F000518C3 /* Resources */,
			);
			buildRules = (
			);
			dependencies = (
			);
			name = TwitterHeaderBlocker;
			productName = TwitterHeaderBlocker;
			productReference = 8A9078CC1B949A5F000518C3 /* TwitterHeaderBlocker.appex */;
			productType = "com.apple.product-type.app-extension";
		};
		8A9078E11B949BCC000518C3 /* TwitterImageBlocker */ = {
			isa = PBXNativeTarget;
			buildConfigurationList = 8A9078EC1B949BCD000518C3 /* Build configuration list for PBXNativeTarget "TwitterImageBlocker" */;
			buildPhases = (
				8A9078DE1B949BCC000518C3 /* Sources */,
				8A9078DF1B949BCC000518C3 /* Frameworks */,
				8A9078E01B949BCC000518C3 /* Resources */,
			);
			buildRules = (
			);
			dependencies = (
			);
			name = TwitterImageBlocker;
			productName = TwitterImageBlocker;
			productReference = 8A9078E21B949BCC000518C3 /* TwitterImageBlocker.appex */;
			productType = "com.apple.product-type.app-extension";
		};
		8AD5D7521B295E8C001924F0 /* iOS9Sampler */ = {
			isa = PBXNativeTarget;
			buildConfigurationList = 8AD5D77B1B295E8C001924F0 /* Build configuration list for PBXNativeTarget "iOS9Sampler" */;
			buildPhases = (
				8AD5D74F1B295E8C001924F0 /* Sources */,
				8AD5D7501B295E8C001924F0 /* Frameworks */,
				8AD5D7511B295E8C001924F0 /* Resources */,
				8A9078C71B948F05000518C3 /* Embed App Extensions */,
			);
			buildRules = (
			);
			dependencies = (
				8A9078D41B949A5F000518C3 /* PBXTargetDependency */,
				8A9078EA1B949BCC000518C3 /* PBXTargetDependency */,
			);
			name = iOS9Sampler;
			productName = iOS9Sampler;
			productReference = 8AD5D7531B295E8C001924F0 /* iOS9Sampler.app */;
			productType = "com.apple.product-type.application";
		};
		8AD5D7661B295E8C001924F0 /* iOS9SamplerTests */ = {
			isa = PBXNativeTarget;
			buildConfigurationList = 8AD5D77E1B295E8C001924F0 /* Build configuration list for PBXNativeTarget "iOS9SamplerTests" */;
			buildPhases = (
				8AD5D7631B295E8C001924F0 /* Sources */,
				8AD5D7641B295E8C001924F0 /* Frameworks */,
				8AD5D7651B295E8C001924F0 /* Resources */,
			);
			buildRules = (
			);
			dependencies = (
				8AD5D7691B295E8C001924F0 /* PBXTargetDependency */,
			);
			name = iOS9SamplerTests;
			productName = iOS9SamplerTests;
			productReference = 8AD5D7671B295E8C001924F0 /* iOS9SamplerTests.xctest */;
			productType = "com.apple.product-type.bundle.unit-test";
		};
		8AD5D7711B295E8C001924F0 /* iOS9SamplerUITests */ = {
			isa = PBXNativeTarget;
			buildConfigurationList = 8AD5D7811B295E8C001924F0 /* Build configuration list for PBXNativeTarget "iOS9SamplerUITests" */;
			buildPhases = (
				8AD5D76E1B295E8C001924F0 /* Sources */,
				8AD5D76F1B295E8C001924F0 /* Frameworks */,
				8AD5D7701B295E8C001924F0 /* Resources */,
			);
			buildRules = (
			);
			dependencies = (
				8AD5D7741B295E8C001924F0 /* PBXTargetDependency */,
			);
			name = iOS9SamplerUITests;
			productName = iOS9SamplerUITests;
			productReference = 8AD5D7721B295E8C001924F0 /* iOS9SamplerUITests.xctest */;
			productType = "com.apple.product-type.bundle.ui-testing";
		};
/* End PBXNativeTarget section */

/* Begin PBXProject section */
		8AD5D74B1B295E8C001924F0 /* Project object */ = {
			isa = PBXProject;
			attributes = {
				LastSwiftUpdateCheck = 0700;
				LastUpgradeCheck = 0700;
				ORGANIZATIONNAME = "Shuichi Tsutsumi";
				TargetAttributes = {
					8A9078CB1B949A5F000518C3 = {
						CreatedOnToolsVersion = 7.0;
					};
					8A9078E11B949BCC000518C3 = {
						CreatedOnToolsVersion = 7.0;
					};
					8AD5D7521B295E8C001924F0 = {
						CreatedOnToolsVersion = 7.0;
					};
					8AD5D7661B295E8C001924F0 = {
						CreatedOnToolsVersion = 7.0;
						TestTargetID = 8AD5D7521B295E8C001924F0;
					};
					8AD5D7711B295E8C001924F0 = {
						CreatedOnToolsVersion = 7.0;
						TestTargetID = 8AD5D7521B295E8C001924F0;
					};
				};
			};
			buildConfigurationList = 8AD5D74E1B295E8C001924F0 /* Build configuration list for PBXProject "iOS9Sampler" */;
			compatibilityVersion = "Xcode 3.2";
			developmentRegion = English;
			hasScannedForEncodings = 0;
			knownRegions = (
				en,
				Base,
			);
			mainGroup = 8AD5D74A1B295E8C001924F0;
			productRefGroup = 8AD5D7541B295E8C001924F0 /* Products */;
			projectDirPath = "";
			projectRoot = "";
			targets = (
				8AD5D7521B295E8C001924F0 /* iOS9Sampler */,
				8AD5D7661B295E8C001924F0 /* iOS9SamplerTests */,
				8AD5D7711B295E8C001924F0 /* iOS9SamplerUITests */,
				8A9078CB1B949A5F000518C3 /* TwitterHeaderBlocker */,
				8A9078E11B949BCC000518C3 /* TwitterImageBlocker */,
			);
		};
/* End PBXProject section */

/* Begin PBXResourcesBuildPhase section */
		8A9078CA1B949A5F000518C3 /* Resources */ = {
			isa = PBXResourcesBuildPhase;
			buildActionMask = 2147483647;
			files = (
				8A9078CF1B949A5F000518C3 /* blockerList.json in Resources */,
			);
			runOnlyForDeploymentPostprocessing = 0;
		};
		8A9078E01B949BCC000518C3 /* Resources */ = {
			isa = PBXResourcesBuildPhase;
			buildActionMask = 2147483647;
			files = (
				8A9078E51B949BCC000518C3 /* blockerList.json in Resources */,
			);
			runOnlyForDeploymentPostprocessing = 0;
		};
		8AD5D7511B295E8C001924F0 /* Resources */ = {
			isa = PBXResourcesBuildPhase;
			buildActionMask = 2147483647;
			files = (
				8A3588371B342BF200D4D32C /* StillImageFilters.storyboard in Resources */,
				8A3588311B33EC8800D4D32C /* Filters.storyboard in Resources */,
				8AD5D7611B295E8C001924F0 /* LaunchScreen.storyboard in Resources */,
				8A0714B51BA46D0500A1CC22 /* SearchAPIs.storyboard in Resources */,
				8A3A32171B35DAE10016C4CE /* AudioUnitComponentManager.storyboard in Resources */,
				8AD5D75E1B295E8C001924F0 /* Assets.xcassets in Resources */,
				BD490BDA1BDCDF7A0066B403 /* ReplayKit.storyboard in Resources */,
				8A9078DC1B949B72000518C3 /* ContentBlocker.storyboard in Resources */,
				8A7AC62E1BA9BE46005CC482 /* AddedFonts9.plist in Resources */,
				8A6FC3931BA53238007942FE /* Safari.storyboard in Resources */,
				8A7AC6321BA9BFD8005CC482 /* Fonts.storyboard in Resources */,
				8A3A321E1B35F0740016C4CE /* drumLoop.caf in Resources */,
				8AF73FAC1BA051EC00E3783E /* Photos.storyboard in Resources */,
				BDD0D4AA1BB2E85C00995959 /* Contacts.storyboard in Resources */,
				8A78588B1B8DDDD100F93493 /* MapCustomizations.storyboard in Resources */,
				8A6FC39A1BA550C3007942FE /* Spring.storyboard in Resources */,
				8A3588261B33CCD400D4D32C /* TextDetect.storyboard in Resources */,
				8A76D7771BD4B69C00C3881D /* CoreImageTransitions.storyboard in Resources */,
				8AD5D75C1B295E8C001924F0 /* Main.storyboard in Resources */,
				8ADC74841BA578F400FA178A /* StackView.storyboard in Resources */,
				8A76D79C1BD4BC3300C3881D /* restrictedshine.tiff in Resources */,
				8A2AC86C1BB91A3800C05128 /* ForceTouch.storyboard in Resources */,
				8AF73FA51BA03C8900E3783E /* LowPowerMode.storyboard in Resources */,
				8A2AC8761BB91ADA00C05128 /* QuickActions.storyboard in Resources */,
				8A81FCF41BA90D8E00F8A4F8 /* StringTransform.storyboard in Resources */,
				8AF73F9C1BA0238900E3783E /* Speech.storyboard in Resources */,
			);
			runOnlyForDeploymentPostprocessing = 0;
		};
		8AD5D7651B295E8C001924F0 /* Resources */ = {
			isa = PBXResourcesBuildPhase;
			buildActionMask = 2147483647;
			files = (
			);
			runOnlyForDeploymentPostprocessing = 0;
		};
		8AD5D7701B295E8C001924F0 /* Resources */ = {
			isa = PBXResourcesBuildPhase;
			buildActionMask = 2147483647;
			files = (
			);
			runOnlyForDeploymentPostprocessing = 0;
		};
/* End PBXResourcesBuildPhase section */

/* Begin PBXSourcesBuildPhase section */
		8A9078C81B949A5F000518C3 /* Sources */ = {
			isa = PBXSourcesBuildPhase;
			buildActionMask = 2147483647;
			files = (
				8A9078D11B949A5F000518C3 /* ActionRequestHandler.swift in Sources */,
			);
			runOnlyForDeploymentPostprocessing = 0;
		};
		8A9078DE1B949BCC000518C3 /* Sources */ = {
			isa = PBXSourcesBuildPhase;
			buildActionMask = 2147483647;
			files = (
				8A9078E71B949BCC000518C3 /* ActionRequestHandler.swift in Sources */,
			);
			runOnlyForDeploymentPostprocessing = 0;
		};
		8AD5D74F1B295E8C001924F0 /* Sources */ = {
			isa = PBXSourcesBuildPhase;
			buildActionMask = 2147483647;
			files = (
				8ADC74881BA5792D00FA178A /* StackViewViewController.swift in Sources */,
				BDD0D4A81BB2E6FF00995959 /* ContactsViewController.swift in Sources */,
				8A7AC6301BA9BFCE005CC482 /* FontsViewController.swift in Sources */,
				8AD5D7591B295E8C001924F0 /* RootViewController.swift in Sources */,
				8A76D7941BD4B8C400C3881D /* CoreImageTransitionView.m in Sources */,
				8A9078DA1B949B64000518C3 /* ContentBlockerViewController.swift in Sources */,
				8A3588331B33F3B500D4D32C /* FilterDetailViewController.swift in Sources */,
				8A76D7921BD4B8C400C3881D /* CoreImageTransition.m in Sources */,
				8A76D7931BD4B8C400C3881D /* CoreImageTransitionHelper.m in Sources */,
				8A2AC87C1BB91E2200C05128 /* PulsingHaloLayer.m in Sources */,
				8A3588241B33CCC000D4D32C /* TextDetectViewController.swift in Sources */,
				8AF73F9A1BA0237E00E3783E /* SpeechViewController.swift in Sources */,
				8A6FC3981BA550BA007942FE /* SpringViewController.swift in Sources */,
				8A7858891B8DDDBA00F93493 /* MapCustomizationsViewController.swift in Sources */,
				8ADBD9FA1B8F675E00BB46D8 /* RootViewCell.swift in Sources */,
				8A7C19CA1B8B63AF00F75F88 /* FilterHelper.swift in Sources */,
				8AF73FAE1BA0529600E3783E /* PhotosCell.swift in Sources */,
				8A76D7751BD4B68C00C3881D /* CoreImageTransitionsViewController.swift in Sources */,
				8A35882F1B33EC7A00D4D32C /* FiltersViewController.swift in Sources */,
				8A81FCF21BA90D8000F8A4F8 /* StringTransformViewController.swift in Sources */,
				BD490BD71BDCDF530066B403 /* ReplayKitViewController.swift in Sources */,
				8A2AC8741BB91ACD00C05128 /* QuickActionsViewController.swift in Sources */,
				8A3A32151B35DAD10016C4CE /* AudioUnitComponentManagerViewController.swift in Sources */,
				8A0714B31BA46CF300A1CC22 /* SearchAPIsViewController.swift in Sources */,
				8A2AC86D1BB91A3800C05128 /* ForceTouchViewController.swift in Sources */,
				8AD5D7571B295E8C001924F0 /* AppDelegate.swift in Sources */,
				8AF73FAA1BA051E100E3783E /* PhotosViewController.swift in Sources */,
				8AF73FA71BA03C9600E3783E /* LowPowerModeViewController.swift in Sources */,
				8A6FC3951BA53249007942FE /* SafariViewController.swift in Sources */,
				8A3588351B3424E100D4D32C /* StillImageFiltersViewController.swift in Sources */,
			);
			runOnlyForDeploymentPostprocessing = 0;
		};
		8AD5D7631B295E8C001924F0 /* Sources */ = {
			isa = PBXSourcesBuildPhase;
			buildActionMask = 2147483647;
			files = (
				8AD5D76C1B295E8C001924F0 /* iOS9SamplerTests.swift in Sources */,
			);
			runOnlyForDeploymentPostprocessing = 0;
		};
		8AD5D76E1B295E8C001924F0 /* Sources */ = {
			isa = PBXSourcesBuildPhase;
			buildActionMask = 2147483647;
			files = (
				8AD5D7771B295E8C001924F0 /* iOS9SamplerUITests.swift in Sources */,
			);
			runOnlyForDeploymentPostprocessing = 0;
		};
/* End PBXSourcesBuildPhase section */

/* Begin PBXTargetDependency section */
		8A9078D41B949A5F000518C3 /* PBXTargetDependency */ = {
			isa = PBXTargetDependency;
			target = 8A9078CB1B949A5F000518C3 /* TwitterHeaderBlocker */;
			targetProxy = 8A9078D31B949A5F000518C3 /* PBXContainerItemProxy */;
		};
		8A9078EA1B949BCC000518C3 /* PBXTargetDependency */ = {
			isa = PBXTargetDependency;
			target = 8A9078E11B949BCC000518C3 /* TwitterImageBlocker */;
			targetProxy = 8A9078E91B949BCC000518C3 /* PBXContainerItemProxy */;
		};
		8AD5D7691B295E8C001924F0 /* PBXTargetDependency */ = {
			isa = PBXTargetDependency;
			target = 8AD5D7521B295E8C001924F0 /* iOS9Sampler */;
			targetProxy = 8AD5D7681B295E8C001924F0 /* PBXContainerItemProxy */;
		};
		8AD5D7741B295E8C001924F0 /* PBXTargetDependency */ = {
			isa = PBXTargetDependency;
			target = 8AD5D7521B295E8C001924F0 /* iOS9Sampler */;
			targetProxy = 8AD5D7731B295E8C001924F0 /* PBXContainerItemProxy */;
		};
/* End PBXTargetDependency section */

/* Begin PBXVariantGroup section */
		8AD5D75A1B295E8C001924F0 /* Main.storyboard */ = {
			isa = PBXVariantGroup;
			children = (
				8AD5D75B1B295E8C001924F0 /* Base */,
			);
			name = Main.storyboard;
			sourceTree = "<group>";
		};
		8AD5D75F1B295E8C001924F0 /* LaunchScreen.storyboard */ = {
			isa = PBXVariantGroup;
			children = (
				8AD5D7601B295E8C001924F0 /* Base */,
			);
			name = LaunchScreen.storyboard;
			sourceTree = "<group>";
		};
/* End PBXVariantGroup section */

/* Begin XCBuildConfiguration section */
		8A9078D71B949A60000518C3 /* Debug */ = {
			isa = XCBuildConfiguration;
			buildSettings = {
				ARCHS = "$(ARCHS_STANDARD_64_BIT)";
				INFOPLIST_FILE = TwitterHeaderBlocker/Info.plist;
				LD_RUNPATH_SEARCH_PATHS = "$(inherited) @executable_path/Frameworks @executable_path/../../Frameworks";
				PRODUCT_BUNDLE_IDENTIFIER = com.shu223.iOS9Sampler.TwitterHeaderBlocker;
				PRODUCT_NAME = "$(TARGET_NAME)";
				SKIP_INSTALL = YES;
			};
			name = Debug;
		};
		8A9078D81B949A60000518C3 /* Release */ = {
			isa = XCBuildConfiguration;
			buildSettings = {
				ARCHS = "$(ARCHS_STANDARD_64_BIT)";
				INFOPLIST_FILE = TwitterHeaderBlocker/Info.plist;
				LD_RUNPATH_SEARCH_PATHS = "$(inherited) @executable_path/Frameworks @executable_path/../../Frameworks";
				PRODUCT_BUNDLE_IDENTIFIER = com.shu223.iOS9Sampler.TwitterHeaderBlocker;
				PRODUCT_NAME = "$(TARGET_NAME)";
				SKIP_INSTALL = YES;
			};
			name = Release;
		};
		8A9078ED1B949BCD000518C3 /* Debug */ = {
			isa = XCBuildConfiguration;
			buildSettings = {
				ARCHS = "$(ARCHS_STANDARD_64_BIT)";
				INFOPLIST_FILE = TwitterImageBlocker/Info.plist;
				LD_RUNPATH_SEARCH_PATHS = "$(inherited) @executable_path/Frameworks @executable_path/../../Frameworks";
				PRODUCT_BUNDLE_IDENTIFIER = com.shu223.iOS9Sampler.TwitterImageBlocker;
				PRODUCT_NAME = "$(TARGET_NAME)";
				SKIP_INSTALL = YES;
			};
			name = Debug;
		};
		8A9078EE1B949BCD000518C3 /* Release */ = {
			isa = XCBuildConfiguration;
			buildSettings = {
				ARCHS = "$(ARCHS_STANDARD_64_BIT)";
				INFOPLIST_FILE = TwitterImageBlocker/Info.plist;
				LD_RUNPATH_SEARCH_PATHS = "$(inherited) @executable_path/Frameworks @executable_path/../../Frameworks";
				PRODUCT_BUNDLE_IDENTIFIER = com.shu223.iOS9Sampler.TwitterImageBlocker;
				PRODUCT_NAME = "$(TARGET_NAME)";
				SKIP_INSTALL = YES;
			};
			name = Release;
		};
		8AD5D7791B295E8C001924F0 /* Debug */ = {
			isa = XCBuildConfiguration;
			buildSettings = {
				ALWAYS_SEARCH_USER_PATHS = NO;
				CLANG_CXX_LANGUAGE_STANDARD = "gnu++0x";
				CLANG_CXX_LIBRARY = "libc++";
				CLANG_ENABLE_MODULES = YES;
				CLANG_ENABLE_OBJC_ARC = YES;
				CLANG_WARN_BOOL_CONVERSION = YES;
				CLANG_WARN_CONSTANT_CONVERSION = YES;
				CLANG_WARN_DIRECT_OBJC_ISA_USAGE = YES_ERROR;
				CLANG_WARN_EMPTY_BODY = YES;
				CLANG_WARN_ENUM_CONVERSION = YES;
				CLANG_WARN_INT_CONVERSION = YES;
				CLANG_WARN_OBJC_ROOT_CLASS = YES_ERROR;
				CLANG_WARN_UNREACHABLE_CODE = YES;
				CLANG_WARN__DUPLICATE_METHOD_MATCH = YES;
				"CODE_SIGN_IDENTITY[sdk=iphoneos*]" = "iPhone Developer";
				COPY_PHASE_STRIP = NO;
				DEBUG_INFORMATION_FORMAT = dwarf;
				ENABLE_STRICT_OBJC_MSGSEND = YES;
				ENABLE_TESTABILITY = YES;
				GCC_C_LANGUAGE_STANDARD = gnu99;
				GCC_DYNAMIC_NO_PIC = NO;
				GCC_NO_COMMON_BLOCKS = YES;
				GCC_OPTIMIZATION_LEVEL = 0;
				GCC_PREPROCESSOR_DEFINITIONS = (
					"DEBUG=1",
					"$(inherited)",
				);
				GCC_WARN_64_TO_32_BIT_CONVERSION = YES;
				GCC_WARN_ABOUT_RETURN_TYPE = YES_ERROR;
				GCC_WARN_UNDECLARED_SELECTOR = YES;
				GCC_WARN_UNINITIALIZED_AUTOS = YES_AGGRESSIVE;
				GCC_WARN_UNUSED_FUNCTION = YES;
				GCC_WARN_UNUSED_VARIABLE = YES;
				IPHONEOS_DEPLOYMENT_TARGET = 9.0;
				MTL_ENABLE_DEBUG_INFO = YES;
				ONLY_ACTIVE_ARCH = YES;
				SDKROOT = iphoneos;
				SWIFT_OPTIMIZATION_LEVEL = "-Onone";
			};
			name = Debug;
		};
		8AD5D77A1B295E8C001924F0 /* Release */ = {
			isa = XCBuildConfiguration;
			buildSettings = {
				ALWAYS_SEARCH_USER_PATHS = NO;
				CLANG_CXX_LANGUAGE_STANDARD = "gnu++0x";
				CLANG_CXX_LIBRARY = "libc++";
				CLANG_ENABLE_MODULES = YES;
				CLANG_ENABLE_OBJC_ARC = YES;
				CLANG_WARN_BOOL_CONVERSION = YES;
				CLANG_WARN_CONSTANT_CONVERSION = YES;
				CLANG_WARN_DIRECT_OBJC_ISA_USAGE = YES_ERROR;
				CLANG_WARN_EMPTY_BODY = YES;
				CLANG_WARN_ENUM_CONVERSION = YES;
				CLANG_WARN_INT_CONVERSION = YES;
				CLANG_WARN_OBJC_ROOT_CLASS = YES_ERROR;
				CLANG_WARN_UNREACHABLE_CODE = YES;
				CLANG_WARN__DUPLICATE_METHOD_MATCH = YES;
				"CODE_SIGN_IDENTITY[sdk=iphoneos*]" = "iPhone Developer";
				COPY_PHASE_STRIP = NO;
				DEBUG_INFORMATION_FORMAT = "dwarf-with-dsym";
				ENABLE_NS_ASSERTIONS = NO;
				ENABLE_STRICT_OBJC_MSGSEND = YES;
				GCC_C_LANGUAGE_STANDARD = gnu99;
				GCC_NO_COMMON_BLOCKS = YES;
				GCC_WARN_64_TO_32_BIT_CONVERSION = YES;
				GCC_WARN_ABOUT_RETURN_TYPE = YES_ERROR;
				GCC_WARN_UNDECLARED_SELECTOR = YES;
				GCC_WARN_UNINITIALIZED_AUTOS = YES_AGGRESSIVE;
				GCC_WARN_UNUSED_FUNCTION = YES;
				GCC_WARN_UNUSED_VARIABLE = YES;
				IPHONEOS_DEPLOYMENT_TARGET = 9.0;
				MTL_ENABLE_DEBUG_INFO = NO;
				SDKROOT = iphoneos;
				VALIDATE_PRODUCT = YES;
			};
			name = Release;
		};
		8AD5D77C1B295E8C001924F0 /* Debug */ = {
			isa = XCBuildConfiguration;
			buildSettings = {
				ASSETCATALOG_COMPILER_APPICON_NAME = AppIcon;
				CLANG_ENABLE_MODULES = YES;
				EMBEDDED_CONTENT_CONTAINS_SWIFT = YES;
				INFOPLIST_FILE = iOS9Sampler/Info.plist;
				LD_RUNPATH_SEARCH_PATHS = "$(inherited) @executable_path/Frameworks";
				PRODUCT_BUNDLE_IDENTIFIER = com.shu223.iOS9Sampler;
				PRODUCT_NAME = "$(TARGET_NAME)";
				SWIFT_OBJC_BRIDGING_HEADER = "iOS9Sampler/SampleViewControllers/iOS9Sampler-Bridging-Header.h";
				SWIFT_OPTIMIZATION_LEVEL = "-Onone";
			};
			name = Debug;
		};
		8AD5D77D1B295E8C001924F0 /* Release */ = {
			isa = XCBuildConfiguration;
			buildSettings = {
				ASSETCATALOG_COMPILER_APPICON_NAME = AppIcon;
				CLANG_ENABLE_MODULES = YES;
				EMBEDDED_CONTENT_CONTAINS_SWIFT = YES;
				INFOPLIST_FILE = iOS9Sampler/Info.plist;
				LD_RUNPATH_SEARCH_PATHS = "$(inherited) @executable_path/Frameworks";
				PRODUCT_BUNDLE_IDENTIFIER = com.shu223.iOS9Sampler;
				PRODUCT_NAME = "$(TARGET_NAME)";
				SWIFT_OBJC_BRIDGING_HEADER = "iOS9Sampler/SampleViewControllers/iOS9Sampler-Bridging-Header.h";
			};
			name = Release;
		};
		8AD5D77F1B295E8C001924F0 /* Debug */ = {
			isa = XCBuildConfiguration;
			buildSettings = {
				BUNDLE_LOADER = "$(TEST_HOST)";
				INFOPLIST_FILE = iOS9SamplerTests/Info.plist;
				LD_RUNPATH_SEARCH_PATHS = "$(inherited) @executable_path/Frameworks @loader_path/Frameworks";
				PRODUCT_BUNDLE_IDENTIFIER = com.shu223.iOS9SamplerTests;
				PRODUCT_NAME = "$(TARGET_NAME)";
				TEST_HOST = "$(BUILT_PRODUCTS_DIR)/iOS9Sampler.app/iOS9Sampler";
			};
			name = Debug;
		};
		8AD5D7801B295E8C001924F0 /* Release */ = {
			isa = XCBuildConfiguration;
			buildSettings = {
				BUNDLE_LOADER = "$(TEST_HOST)";
				INFOPLIST_FILE = iOS9SamplerTests/Info.plist;
				LD_RUNPATH_SEARCH_PATHS = "$(inherited) @executable_path/Frameworks @loader_path/Frameworks";
				PRODUCT_BUNDLE_IDENTIFIER = com.shu223.iOS9SamplerTests;
				PRODUCT_NAME = "$(TARGET_NAME)";
				TEST_HOST = "$(BUILT_PRODUCTS_DIR)/iOS9Sampler.app/iOS9Sampler";
			};
			name = Release;
		};
		8AD5D7821B295E8C001924F0 /* Debug */ = {
			isa = XCBuildConfiguration;
			buildSettings = {
				INFOPLIST_FILE = iOS9SamplerUITests/Info.plist;
				LD_RUNPATH_SEARCH_PATHS = "$(inherited) @executable_path/Frameworks @loader_path/Frameworks";
				PRODUCT_BUNDLE_IDENTIFIER = com.shu223.iOS9SamplerUITests;
				PRODUCT_NAME = "$(TARGET_NAME)";
				TEST_TARGET_NAME = iOS9Sampler;
				USES_XCTRUNNER = YES;
			};
			name = Debug;
		};
		8AD5D7831B295E8C001924F0 /* Release */ = {
			isa = XCBuildConfiguration;
			buildSettings = {
				INFOPLIST_FILE = iOS9SamplerUITests/Info.plist;
				LD_RUNPATH_SEARCH_PATHS = "$(inherited) @executable_path/Frameworks @loader_path/Frameworks";
				PRODUCT_BUNDLE_IDENTIFIER = com.shu223.iOS9SamplerUITests;
				PRODUCT_NAME = "$(TARGET_NAME)";
				TEST_TARGET_NAME = iOS9Sampler;
				USES_XCTRUNNER = YES;
			};
			name = Release;
		};
/* End XCBuildConfiguration section */

/* Begin XCConfigurationList section */
		8A9078D61B949A60000518C3 /* Build configuration list for PBXNativeTarget "TwitterHeaderBlocker" */ = {
			isa = XCConfigurationList;
			buildConfigurations = (
				8A9078D71B949A60000518C3 /* Debug */,
				8A9078D81B949A60000518C3 /* Release */,
			);
			defaultConfigurationIsVisible = 0;
			defaultConfigurationName = Release;
		};
		8A9078EC1B949BCD000518C3 /* Build configuration list for PBXNativeTarget "TwitterImageBlocker" */ = {
			isa = XCConfigurationList;
			buildConfigurations = (
				8A9078ED1B949BCD000518C3 /* Debug */,
				8A9078EE1B949BCD000518C3 /* Release */,
			);
			defaultConfigurationIsVisible = 0;
			defaultConfigurationName = Release;
		};
		8AD5D74E1B295E8C001924F0 /* Build configuration list for PBXProject "iOS9Sampler" */ = {
			isa = XCConfigurationList;
			buildConfigurations = (
				8AD5D7791B295E8C001924F0 /* Debug */,
				8AD5D77A1B295E8C001924F0 /* Release */,
			);
			defaultConfigurationIsVisible = 0;
			defaultConfigurationName = Release;
		};
		8AD5D77B1B295E8C001924F0 /* Build configuration list for PBXNativeTarget "iOS9Sampler" */ = {
			isa = XCConfigurationList;
			buildConfigurations = (
				8AD5D77C1B295E8C001924F0 /* Debug */,
				8AD5D77D1B295E8C001924F0 /* Release */,
			);
			defaultConfigurationIsVisible = 0;
			defaultConfigurationName = Release;
		};
		8AD5D77E1B295E8C001924F0 /* Build configuration list for PBXNativeTarget "iOS9SamplerTests" */ = {
			isa = XCConfigurationList;
			buildConfigurations = (
				8AD5D77F1B295E8C001924F0 /* Debug */,
				8AD5D7801B295E8C001924F0 /* Release */,
			);
			defaultConfigurationIsVisible = 0;
			defaultConfigurationName = Release;
		};
		8AD5D7811B295E8C001924F0 /* Build configuration list for PBXNativeTarget "iOS9SamplerUITests" */ = {
			isa = XCConfigurationList;
			buildConfigurations = (
				8AD5D7821B295E8C001924F0 /* Debug */,
				8AD5D7831B295E8C001924F0 /* Release */,
			);
			defaultConfigurationIsVisible = 0;
			defaultConfigurationName = Release;
		};
/* End XCConfigurationList section */
	};
	rootObject = 8AD5D74B1B295E8C001924F0 /* Project object */;
}
